
Microsoft Visual Studio Solution File, Format Version 12.00
# Visual Studio Version 16
VisualStudioVersion = 16.0.31205.134
MinimumVisualStudioVersion = 10.0.40219.1
Project("{FAE04EC0-301F-11D3-BF4B-00C04F79EFBC}") = "ADO Practice", "ADO Practice\ADO Practice.csproj", "{6F6A6534-B395-409C-A31A-F44B01AA9369}"
EndProject
Global
	GlobalSection(SolutionConfigurationPlatforms) = preSolution
		Debug|Any CPU = Debug|Any CPU
		Release|Any CPU = Release|Any CPU
	EndGlobalSection
	GlobalSection(ProjectConfigurationPlatforms) = postSolution
		{6F6A6534-B395-409C-A31A-F44B01AA9369}.Debug|Any CPU.ActiveCfg = Debug|Any CPU
		{6F6A6534-B395-409C-A31A-F44B01AA9369}.Debug|Any CPU.Build.0 = Debug|Any CPU
		{6F6A6534-B395-409C-A31A-F44B01AA9369}.Release|Any CPU.ActiveCfg = Release|Any CPU
		{6F6A6534-B395-409C-A31A-F44B01AA9369}.Release|Any CPU.Build.0 = Release|Any CPU
	EndGlobalSection
	GlobalSection(SolutionProperties) = preSolution
		HideSolutionNode = FALSE
	EndGlobalSection
	GlobalSection(ExtensibilityGlobals) = postSolution
		SolutionGuid = {5BB257AF-3254-4A0A-88A0-2EDAFA42F23D}
	EndGlobalSection
EndGlobal
